// !$*UTF8*$!
{
	archiveVersion = 1;
	classes = {
	};
	objectVersion = 51;
	objects = {

/* Begin PBXBuildFile section */
		6B9BBB6F524BBF972B1DC771 /* Pods_InstaClone_texture.framework in Frameworks */ = {isa = PBXBuildFile; fileRef = 3DEB47B480F692040D6207B0 /* Pods_InstaClone_texture.framework */; };
		ADEDAE9A25A4DB1D00217208 /* AppDelegate.swift in Sources */ = {isa = PBXBuildFile; fileRef = ADEDAE9925A4DB1D00217208 /* AppDelegate.swift */; };
		ADEDAE9C25A4DB1D00217208 /* SceneDelegate.swift in Sources */ = {isa = PBXBuildFile; fileRef = ADEDAE9B25A4DB1D00217208 /* SceneDelegate.swift */; };
		ADEDAE9E25A4DB1D00217208 /* ViewController.swift in Sources */ = {isa = PBXBuildFile; fileRef = ADEDAE9D25A4DB1D00217208 /* ViewController.swift */; };
		ADEDAEA325A4DB1E00217208 /* Assets.xcassets in Resources */ = {isa = PBXBuildFile; fileRef = ADEDAEA225A4DB1E00217208 /* Assets.xcassets */; };
		ADEDAEA625A4DB1E00217208 /* LaunchScreen.storyboard in Resources */ = {isa = PBXBuildFile; fileRef = ADEDAEA425A4DB1E00217208 /* LaunchScreen.storyboard */; };
		ADEDAEB725A4DE9000217208 /* BaseNode.swift in Sources */ = {isa = PBXBuildFile; fileRef = ADEDAEB625A4DE9000217208 /* BaseNode.swift */; };
/* End PBXBuildFile section */

/* Begin PBXFileReference section */
		3B9E8C739867C6ADEC087739 /* Pods-InstaClone-texture.release.xcconfig */ = {isa = PBXFileReference; includeInIndex = 1; lastKnownFileType = text.xcconfig; name = "Pods-InstaClone-texture.release.xcconfig"; path = "Target Support Files/Pods-InstaClone-texture/Pods-InstaClone-texture.release.xcconfig"; sourceTree = "<group>"; };
		3DEB47B480F692040D6207B0 /* Pods_InstaClone_texture.framework */ = {isa = PBXFileReference; explicitFileType = wrapper.framework; includeInIndex = 0; path = Pods_InstaClone_texture.framework; sourceTree = BUILT_PRODUCTS_DIR; };
		ADEDAE9625A4DB1D00217208 /* InstaClone-texture.app */ = {isa = PBXFileReference; explicitFileType = wrapper.application; includeInIndex = 0; path = "InstaClone-texture.app"; sourceTree = BUILT_PRODUCTS_DIR; };
		ADEDAE9925A4DB1D00217208 /* AppDelegate.swift */ = {isa = PBXFileReference; lastKnownFileType = sourcecode.swift; path = AppDelegate.swift; sourceTree = "<group>"; };
		ADEDAE9B25A4DB1D00217208 /* SceneDelegate.swift */ = {isa = PBXFileReference; lastKnownFileType = sourcecode.swift; path = SceneDelegate.swift; sourceTree = "<group>"; };
		ADEDAE9D25A4DB1D00217208 /* ViewController.swift */ = {isa = PBXFileReference; lastKnownFileType = sourcecode.swift; path = ViewController.swift; sourceTree = "<group>"; };
		ADEDAEA225A4DB1E00217208 /* Assets.xcassets */ = {isa = PBXFileReference; lastKnownFileType = folder.assetcatalog; path = Assets.xcassets; sourceTree = "<group>"; };
		ADEDAEA525A4DB1E00217208 /* Base */ = {isa = PBXFileReference; lastKnownFileType = file.storyboard; name = Base; path = Base.lproj/LaunchScreen.storyboard; sourceTree = "<group>"; };
		ADEDAEA725A4DB1E00217208 /* Info.plist */ = {isa = PBXFileReference; lastKnownFileType = text.plist.xml; path = Info.plist; sourceTree = "<group>"; };
		ADEDAEB625A4DE9000217208 /* BaseNode.swift */ = {isa = PBXFileReference; lastKnownFileType = sourcecode.swift; path = BaseNode.swift; sourceTree = "<group>"; };
		DD096AED0CF26C1C2187E6EE /* Pods-InstaClone-texture.debug.xcconfig */ = {isa = PBXFileReference; includeInIndex = 1; lastKnownFileType = text.xcconfig; name = "Pods-InstaClone-texture.debug.xcconfig"; path = "Target Support Files/Pods-InstaClone-texture/Pods-InstaClone-texture.debug.xcconfig"; sourceTree = "<group>"; };
/* End PBXFileReference section */

/* Begin PBXFrameworksBuildPhase section */
		ADEDAE9325A4DB1D00217208 /* Frameworks */ = {
			isa = PBXFrameworksBuildPhase;
			buildActionMask = 2147483647;
			files = (
				6B9BBB6F524BBF972B1DC771 /* Pods_InstaClone_texture.framework in Frameworks */,
			);
			runOnlyForDeploymentPostprocessing = 0;
		};
/* End PBXFrameworksBuildPhase section */

/* Begin PBXGroup section */
		09B77F176DCA5CF4A89FDB97 /* Frameworks */ = {
			isa = PBXGroup;
			children = (
				3DEB47B480F692040D6207B0 /* Pods_InstaClone_texture.framework */,
			);
			name = Frameworks;
			sourceTree = "<group>";
		};
		ADEDAE8D25A4DB1D00217208 = {
			isa = PBXGroup;
			children = (
				ADEDAE9825A4DB1D00217208 /* InstaClone-texture */,
				ADEDAE9725A4DB1D00217208 /* Products */,
				F49D293C64F1C5C03784563C /* Pods */,
				09B77F176DCA5CF4A89FDB97 /* Frameworks */,
			);
			sourceTree = "<group>";
		};
		ADEDAE9725A4DB1D00217208 /* Products */ = {
			isa = PBXGroup;
			children = (
				ADEDAE9625A4DB1D00217208 /* InstaClone-texture.app */,
			);
			name = Products;
			sourceTree = "<group>";
		};
		ADEDAE9825A4DB1D00217208 /* InstaClone-texture */ = {
			isa = PBXGroup;
			children = (
				ADEDAE9925A4DB1D00217208 /* AppDelegate.swift */,
				ADEDAE9B25A4DB1D00217208 /* SceneDelegate.swift */,
				ADEDAE9D25A4DB1D00217208 /* ViewController.swift */,
				ADEDAEB625A4DE9000217208 /* BaseNode.swift */,
				ADEDAEA225A4DB1E00217208 /* Assets.xcassets */,
				ADEDAEA425A4DB1E00217208 /* LaunchScreen.storyboard */,
				ADEDAEA725A4DB1E00217208 /* Info.plist */,
			);
			path = "InstaClone-texture";
			sourceTree = "<group>";
		};
		F49D293C64F1C5C03784563C /* Pods */ = {
			isa = PBXGroup;
			children = (
				DD096AED0CF26C1C2187E6EE /* Pods-InstaClone-texture.debug.xcconfig */,
				3B9E8C739867C6ADEC087739 /* Pods-InstaClone-texture.release.xcconfig */,
			);
			path = Pods;
			sourceTree = "<group>";
		};
/* End PBXGroup section */

/* Begin PBXNativeTarget section */
		ADEDAE9525A4DB1D00217208 /* InstaClone-texture */ = {
			isa = PBXNativeTarget;
			buildConfigurationList = ADEDAEAA25A4DB1E00217208 /* Build configuration list for PBXNativeTarget "InstaClone-texture" */;
			buildPhases = (
				92C44C5E8309140538616E48 /* [CP] Check Pods Manifest.lock */,
				ADEDAE9225A4DB1D00217208 /* Sources */,
				ADEDAE9325A4DB1D00217208 /* Frameworks */,
				ADEDAE9425A4DB1D00217208 /* Resources */,
				61AA4F4EA60BEA5C972858B8 /* [CP] Embed Pods Frameworks */,
			);
			buildRules = (
			);
			dependencies = (
			);
			name = "InstaClone-texture";
			productName = "InstaClone-texture";
			productReference = ADEDAE9625A4DB1D00217208 /* InstaClone-texture.app */;
			productType = "com.apple.product-type.application";
		};
/* End PBXNativeTarget section */

/* Begin PBXProject section */
		ADEDAE8E25A4DB1D00217208 /* Project object */ = {
			isa = PBXProject;
			attributes = {
				LastSwiftUpdateCheck = 1210;
				LastUpgradeCheck = 1210;
				TargetAttributes = {
					ADEDAE9525A4DB1D00217208 = {
						CreatedOnToolsVersion = 12.1;
					};
				};
			};
			buildConfigurationList = ADEDAE9125A4DB1D00217208 /* Build configuration list for PBXProject "InstaClone-texture" */;
			compatibilityVersion = "Xcode 9.3";
			developmentRegion = en;
			hasScannedForEncodings = 0;
			knownRegions = (
				en,
				Base,
			);
			mainGroup = ADEDAE8D25A4DB1D00217208;
			productRefGroup = ADEDAE9725A4DB1D00217208 /* Products */;
			projectDirPath = "";
			projectRoot = "";
			targets = (
				ADEDAE9525A4DB1D00217208 /* InstaClone-texture */,
			);
		};
/* End PBXProject section */

/* Begin PBXResourcesBuildPhase section */
		ADEDAE9425A4DB1D00217208 /* Resources */ = {
			isa = PBXResourcesBuildPhase;
			buildActionMask = 2147483647;
			files = (
				ADEDAEA625A4DB1E00217208 /* LaunchScreen.storyboard in Resources */,
				ADEDAEA325A4DB1E00217208 /* Assets.xcassets in Resources */,
			);
			runOnlyForDeploymentPostprocessing = 0;
		};
/* End PBXResourcesBuildPhase section */

/* Begin PBXShellScriptBuildPhase section */
		61AA4F4EA60BEA5C972858B8 /* [CP] Embed Pods Frameworks */ = {
			isa = PBXShellScriptBuildPhase;
			buildActionMask = 2147483647;
			files = (
			);
			inputFileListPaths = (
				"${PODS_ROOT}/Target Support Files/Pods-InstaClone-texture/Pods-InstaClone-texture-frameworks-${CONFIGURATION}-input-files.xcfilelist",
			);
			name = "[CP] Embed Pods Frameworks";
			outputFileListPaths = (
				"${PODS_ROOT}/Target Support Files/Pods-InstaClone-texture/Pods-InstaClone-texture-frameworks-${CONFIGURATION}-output-files.xcfilelist",
			);
			runOnlyForDeploymentPostprocessing = 0;
			shellPath = /bin/sh;
			shellScript = "\"${PODS_ROOT}/Target Support Files/Pods-InstaClone-texture/Pods-InstaClone-texture-frameworks.sh\"\n";
			showEnvVarsInLog = 0;
		};
		92C44C5E8309140538616E48 /* [CP] Check Pods Manifest.lock */ = {
			isa = PBXShellScriptBuildPhase;
			buildActionMask = 2147483647;
			files = (
			);
			inputFileListPaths = (
			);
			inputPaths = (
				"${PODS_PODFILE_DIR_PATH}/Podfile.lock",
				"${PODS_ROOT}/Manifest.lock",
			);
			name = "[CP] Check Pods Manifest.lock";
			outputFileListPaths = (
			);
			outputPaths = (
				"$(DERIVED_FILE_DIR)/Pods-InstaClone-texture-checkManifestLockResult.txt",
			);
			runOnlyForDeploymentPostprocessing = 0;
			shellPath = /bin/sh;
			shellScript = "diff \"${PODS_PODFILE_DIR_PATH}/Podfile.lock\" \"${PODS_ROOT}/Manifest.lock\" > /dev/null\nif [ $? != 0 ] ; then\n    # print error to STDERR\n    echo \"error: The sandbox is not in sync with the Podfile.lock. Run 'pod install' or update your CocoaPods installation.\" >&2\n    exit 1\nfi\n# This output is used by Xcode 'outputs' to avoid re-running this script phase.\necho \"SUCCESS\" > \"${SCRIPT_OUTPUT_FILE_0}\"\n";
			showEnvVarsInLog = 0;
		};
/* End PBXShellScriptBuildPhase section */

/* Begin PBXSourcesBuildPhase section */
		ADEDAE9225A4DB1D00217208 /* Sources */ = {
			isa = PBXSourcesBuildPhase;
			buildActionMask = 2147483647;
			files = (
				ADEDAE9E25A4DB1D00217208 /* ViewController.swift in Sources */,
				ADEDAE9A25A4DB1D00217208 /* AppDelegate.swift in Sources */,
				ADEDAEB725A4DE9000217208 /* BaseNode.swift in Sources */,
				ADEDAE9C25A4DB1D00217208 /* SceneDelegate.swift in Sources */,
			);
			runOnlyForDeploymentPostprocessing = 0;
		};
/* End PBXSourcesBuildPhase section */

/* Begin PBXVariantGroup section */
		ADEDAEA425A4DB1E00217208 /* LaunchScreen.storyboard */ = {
			isa = PBXVariantGroup;
			children = (
				ADEDAEA525A4DB1E00217208 /* Base */,
			);
			name = LaunchScreen.storyboard;
			sourceTree = "<group>";
		};
/* End PBXVariantGroup section */

/* Begin XCBuildConfiguration section */
		ADEDAEA825A4DB1E00217208 /* Debug */ = {
			isa = XCBuildConfiguration;
			buildSettings = {
				ALWAYS_SEARCH_USER_PATHS = NO;
				CLANG_ANALYZER_NONNULL = YES;
				CLANG_ANALYZER_NUMBER_OBJECT_CONVERSION = YES_AGGRESSIVE;
				CLANG_CXX_LANGUAGE_STANDARD = "gnu++14";
				CLANG_CXX_LIBRARY = "libc++";
				CLANG_ENABLE_MODULES = YES;
				CLANG_ENABLE_OBJC_ARC = YES;
				CLANG_ENABLE_OBJC_WEAK = YES;
				CLANG_WARN_BLOCK_CAPTURE_AUTORELEASING = YES;
				CLANG_WARN_BOOL_CONVERSION = YES;
				CLANG_WARN_COMMA = YES;
				CLANG_WARN_CONSTANT_CONVERSION = YES;
				CLANG_WARN_DEPRECATED_OBJC_IMPLEMENTATIONS = YES;
				CLANG_WARN_DIRECT_OBJC_ISA_USAGE = YES_ERROR;
				CLANG_WARN_DOCUMENTATION_COMMENTS = YES;
				CLANG_WARN_EMPTY_BODY = YES;
				CLANG_WARN_ENUM_CONVERSION = YES;
				CLANG_WARN_INFINITE_RECURSION = YES;
				CLANG_WARN_INT_CONVERSION = YES;
				CLANG_WARN_NON_LITERAL_NULL_CONVERSION = YES;
				CLANG_WARN_OBJC_IMPLICIT_RETAIN_SELF = YES;
				CLANG_WARN_OBJC_LITERAL_CONVERSION = YES;
				CLANG_WARN_OBJC_ROOT_CLASS = YES_ERROR;
				CLANG_WARN_QUOTED_INCLUDE_IN_FRAMEWORK_HEADER = YES;
				CLANG_WARN_RANGE_LOOP_ANALYSIS = YES;
				CLANG_WARN_STRICT_PROTOTYPES = YES;
				CLANG_WARN_SUSPICIOUS_MOVE = YES;
				CLANG_WARN_UNGUARDED_AVAILABILITY = YES_AGGRESSIVE;
				CLANG_WARN_UNREACHABLE_CODE = YES;
				CLANG_WARN__DUPLICATE_METHOD_MATCH = YES;
				COPY_PHASE_STRIP = NO;
				DEBUG_INFORMATION_FORMAT = dwarf;
				ENABLE_STRICT_OBJC_MSGSEND = YES;
				ENABLE_TESTABILITY = YES;
				GCC_C_LANGUAGE_STANDARD = gnu11;
				GCC_DYNAMIC_NO_PIC = NO;
				GCC_NO_COMMON_BLOCKS = YES;
				GCC_OPTIMIZATION_LEVEL = 0;
				GCC_PREPROCESSOR_DEFINITIONS = (
					"DEBUG=1",
					"$(inherited)",
				);
				GCC_WARN_64_TO_32_BIT_CONVERSION = YES;
				GCC_WARN_ABOUT_RETURN_TYPE = YES_ERROR;
				GCC_WARN_UNDECLARED_SELECTOR = YES;
				GCC_WARN_UNINITIALIZED_AUTOS = YES_AGGRESSIVE;
				GCC_WARN_UNUSED_FUNCTION = YES;
				GCC_WARN_UNUSED_VARIABLE = YES;
				IPHONEOS_DEPLOYMENT_TARGET = 14.1;
				MTL_ENABLE_DEBUG_INFO = INCLUDE_SOURCE;
				MTL_FAST_MATH = YES;
				ONLY_ACTIVE_ARCH = YES;
				SDKROOT = iphoneos;
				SWIFT_ACTIVE_COMPILATION_CONDITIONS = DEBUG;
				SWIFT_OPTIMIZATION_LEVEL = "-Onone";
			};
			name = Debug;
		};
		ADEDAEA925A4DB1E00217208 /* Release */ = {
			isa = XCBuildConfiguration;
			buildSettings = {
				ALWAYS_SEARCH_USER_PATHS = NO;
				CLANG_ANALYZER_NONNULL = YES;
				CLANG_ANALYZER_NUMBER_OBJECT_CONVERSION = YES_AGGRESSIVE;
				CLANG_CXX_LANGUAGE_STANDARD = "gnu++14";
				CLANG_CXX_LIBRARY = "libc++";
				CLANG_ENABLE_MODULES = YES;
				CLANG_ENABLE_OBJC_ARC = YES;
				CLANG_ENABLE_OBJC_WEAK = YES;
				CLANG_WARN_BLOCK_CAPTURE_AUTORELEASING = YES;
				CLANG_WARN_BOOL_CONVERSION = YES;
				CLANG_WARN_COMMA = YES;
				CLANG_WARN_CONSTANT_CONVERSION = YES;
				CLANG_WARN_DEPRECATED_OBJC_IMPLEMENTATIONS = YES;
				CLANG_WARN_DIRECT_OBJC_ISA_USAGE = YES_ERROR;
				CLANG_WARN_DOCUMENTATION_COMMENTS = YES;
				CLANG_WARN_EMPTY_BODY = YES;
				CLANG_WARN_ENUM_CONVERSION = YES;
				CLANG_WARN_INFINITE_RECURSION = YES;
				CLANG_WARN_INT_CONVERSION = YES;
				CLANG_WARN_NON_LITERAL_NULL_CONVERSION = YES;
				CLANG_WARN_OBJC_IMPLICIT_RETAIN_SELF = YES;
				CLANG_WARN_OBJC_LITERAL_CONVERSION = YES;
				CLANG_WARN_OBJC_ROOT_CLASS = YES_ERROR;
				CLANG_WARN_QUOTED_INCLUDE_IN_FRAMEWORK_HEADER = YES;
				CLANG_WARN_RANGE_LOOP_ANALYSIS = YES;
				CLANG_WARN_STRICT_PROTOTYPES = YES;
				CLANG_WARN_SUSPICIOUS_MOVE = YES;
				CLANG_WARN_UNGUARDED_AVAILABILITY = YES_AGGRESSIVE;
				CLANG_WARN_UNREACHABLE_CODE = YES;
				CLANG_WARN__DUPLICATE_METHOD_MATCH = YES;
				COPY_PHASE_STRIP = NO;
				DEBUG_INFORMATION_FORMAT = "dwarf-with-dsym";
				ENABLE_NS_ASSERTIONS = NO;
				ENABLE_STRICT_OBJC_MSGSEND = YES;
				GCC_C_LANGUAGE_STANDARD = gnu11;
				GCC_NO_COMMON_BLOCKS = YES;
				GCC_WARN_64_TO_32_BIT_CONVERSION = YES;
				GCC_WARN_ABOUT_RETURN_TYPE = YES_ERROR;
				GCC_WARN_UNDECLARED_SELECTOR = YES;
				GCC_WARN_UNINITIALIZED_AUTOS = YES_AGGRESSIVE;
				GCC_WARN_UNUSED_FUNCTION = YES;
				GCC_WARN_UNUSED_VARIABLE = YES;
				IPHONEOS_DEPLOYMENT_TARGET = 14.1;
				MTL_ENABLE_DEBUG_INFO = NO;
				MTL_FAST_MATH = YES;
				SDKROOT = iphoneos;
				SWIFT_COMPILATION_MODE = wholemodule;
				SWIFT_OPTIMIZATION_LEVEL = "-O";
				VALIDATE_PRODUCT = YES;
			};
			name = Release;
		};
		ADEDAEAB25A4DB1E00217208 /* Debug */ = {
			isa = XCBuildConfiguration;
			baseConfigurationReference = DD096AED0CF26C1C2187E6EE /* Pods-InstaClone-texture.debug.xcconfig */;
			buildSettings = {
				ASSETCATALOG_COMPILER_APPICON_NAME = AppIcon;
				ASSETCATALOG_COMPILER_GLOBAL_ACCENT_COLOR_NAME = AccentColor;
				CODE_SIGN_STYLE = Automatic;
				INFOPLIST_FILE = "InstaClone-texture/Info.plist";
				LD_RUNPATH_SEARCH_PATHS = (
					"$(inherited)",
					"@executable_path/Frameworks",
				);
				PRODUCT_BUNDLE_IDENTIFIER = "com.ayushmahajan.InstaClone-texture";
				PRODUCT_NAME = "$(TARGET_NAME)";
				SWIFT_VERSION = 5.0;
				TARGETED_DEVICE_FAMILY = "1,2";
			};
			name = Debug;
		};
		ADEDAEAC25A4DB1E00217208 /* Release */ = {
			isa = XCBuildConfiguration;
			baseConfigurationReference = 3B9E8C739867C6ADEC087739 /* Pods-InstaClone-texture.release.xcconfig */;
			buildSettings = {
				ASSETCATALOG_COMPILER_APPICON_NAME = AppIcon;
				ASSETCATALOG_COMPILER_GLOBAL_ACCENT_COLOR_NAME = AccentColor;
				CODE_SIGN_STYLE = Automatic;
				INFOPLIST_FILE = "InstaClone-texture/Info.plist";
				LD_RUNPATH_SEARCH_PATHS = (
					"$(inherited)",
					"@executable_path/Frameworks",
				);
				PRODUCT_BUNDLE_IDENTIFIER = "com.ayushmahajan.InstaClone-texture";
				PRODUCT_NAME = "$(TARGET_NAME)";
				SWIFT_VERSION = 5.0;
				TARGETED_DEVICE_FAMILY = "1,2";
			};
			name = Release;
		};
/* End XCBuildConfiguration section */

/* Begin XCConfigurationList section */
		ADEDAE9125A4DB1D00217208 /* Build configuration list for PBXProject "InstaClone-texture" */ = {
			isa = XCConfigurationList;
			buildConfigurations = (
				ADEDAEA825A4DB1E00217208 /* Debug */,
				ADEDAEA925A4DB1E00217208 /* Release */,
			);
			defaultConfigurationIsVisible = 0;
			defaultConfigurationName = Release;
		};
		ADEDAEAA25A4DB1E00217208 /* Build configuration list for PBXNativeTarget "InstaClone-texture" */ = {
			isa = XCConfigurationList;
			buildConfigurations = (
				ADEDAEAB25A4DB1E00217208 /* Debug */,
				ADEDAEAC25A4DB1E00217208 /* Release */,
			);
			defaultConfigurationIsVisible = 0;
			defaultConfigurationName = Release;
		};
/* End XCConfigurationList section */
	};
	rootObject = ADEDAE8E25A4DB1D00217208 /* Project object */;
}
